
Microsoft Visual Studio Solution File, Format Version 12.00
# Visual Studio Version 17
VisualStudioVersion = 17.4.33213.308
MinimumVisualStudioVersion = 10.0.40219.1
Project("{9A19103F-16F7-4668-BE54-9A1E7A4F7556}") = "Sharpnado.MaterialFrame.Maui", "Sharpnado.MaterialFrame.Maui\Sharpnado.MaterialFrame.Maui.csproj", "{6747725A-A645-405A-8C93-D182AF1CEAB3}"
EndProject
Project("{FAE04EC0-301F-11D3-BF4B-00C04F79EFBC}") = "MaterialFrame.Maui", "MaterialFrame.Maui\MaterialFrame.Maui.csproj", "{3056E153-48AD-4207-AF11-FB84C2CD4C76}"
EndProject
Global
	GlobalSection(SolutionConfigurationPlatforms) = preSolution
		Debug|Any CPU = Debug|Any CPU
		Release|Any CPU = Release|Any CPU
	EndGlobalSection
	GlobalSection(ProjectConfigurationPlatforms) = postSolution
		{6747725A-A645-405A-8C93-D182AF1CEAB3}.Debug|Any CPU.ActiveCfg = Debug|Any CPU
		{6747725A-A645-405A-8C93-D182AF1CEAB3}.Debug|Any CPU.Build.0 = Debug|Any CPU
		{6747725A-A645-405A-8C93-D182AF1CEAB3}.Release|Any CPU.ActiveCfg = Release|Any CPU
		{6747725A-A645-405A-8C93-D182AF1CEAB3}.Release|Any CPU.Build.0 = Release|Any CPU
		{3056E153-48AD-4207-AF11-FB84C2CD4C76}.Debug|Any CPU.ActiveCfg = Debug|Any CPU
		{3056E153-48AD-4207-AF11-FB84C2CD4C76}.Debug|Any CPU.Build.0 = Debug|Any CPU
		{3056E153-48AD-4207-AF11-FB84C2CD4C76}.Debug|Any CPU.Deploy.0 = Debug|Any CPU
		{3056E153-48AD-4207-AF11-FB84C2CD4C76}.Release|Any CPU.ActiveCfg = Release|Any CPU
		{3056E153-48AD-4207-AF11-FB84C2CD4C76}.Release|Any CPU.Build.0 = Release|Any CPU
		{3056E153-48AD-4207-AF11-FB84C2CD4C76}.Release|Any CPU.Deploy.0 = Release|Any CPU
	EndGlobalSection
	GlobalSection(SolutionProperties) = preSolution
		HideSolutionNode = FALSE
	EndGlobalSection
	GlobalSection(ExtensibilityGlobals) = postSolution
		SolutionGuid = {B61AE604-09A4-4FE8-826E-6A96A90EEBF2}
	EndGlobalSection
EndGlobal
